
Microsoft Visual Studio Solution File, Format Version 12.00
# Visual Studio Version 17
VisualStudioVersion = 17.3.32929.385
MinimumVisualStudioVersion = 10.0.40219.1
Project("{FAE04EC0-301F-11D3-BF4B-00C04F79EFBC}") = "Fasta", "Fasta\Fasta.csproj", "{928B735B-2D8F-46C0-BA9A-47EAE71DB995}"
EndProject
Global
	GlobalSection(SolutionConfigurationPlatforms) = preSolution
		Debug|Any CPU = Debug|Any CPU
		Release|Any CPU = Release|Any CPU
	EndGlobalSection
	GlobalSection(ProjectConfigurationPlatforms) = postSolution
		{928B735B-2D8F-46C0-BA9A-47EAE71DB995}.Debug|Any CPU.ActiveCfg = Debug|Any CPU
		{928B735B-2D8F-46C0-BA9A-47EAE71DB995}.Debug|Any CPU.Build.0 = Debug|Any CPU
		{928B735B-2D8F-46C0-BA9A-47EAE71DB995}.Release|Any CPU.ActiveCfg = Release|Any CPU
		{928B735B-2D8F-46C0-BA9A-47EAE71DB995}.Release|Any CPU.Build.0 = Release|Any CPU
	EndGlobalSection
	GlobalSection(SolutionProperties) = preSolution
		HideSolutionNode = FALSE
	EndGlobalSection
	GlobalSection(ExtensibilityGlobals) = postSolution
		SolutionGuid = {12FFFF4F-9290-49CF-AC82-82C25EAA6051}
	EndGlobalSection
EndGlobal
