
Microsoft Visual Studio Solution File, Format Version 12.00
# Visual Studio Version 17
VisualStudioVersion = 17.3.32929.385
MinimumVisualStudioVersion = 10.0.40219.1
Project("{FAE04EC0-301F-11D3-BF4B-00C04F79EFBC}") = "FannkuchRedux", "FannkuchRedux\FannkuchRedux.csproj", "{4FAE90F5-D832-4E69-8978-19A1D049BBFF}"
EndProject
Global
	GlobalSection(SolutionConfigurationPlatforms) = preSolution
		Debug|Any CPU = Debug|Any CPU
		Release|Any CPU = Release|Any CPU
	EndGlobalSection
	GlobalSection(ProjectConfigurationPlatforms) = postSolution
		{4FAE90F5-D832-4E69-8978-19A1D049BBFF}.Debug|Any CPU.ActiveCfg = Debug|Any CPU
		{4FAE90F5-D832-4E69-8978-19A1D049BBFF}.Debug|Any CPU.Build.0 = Debug|Any CPU
		{4FAE90F5-D832-4E69-8978-19A1D049BBFF}.Release|Any CPU.ActiveCfg = Release|Any CPU
		{4FAE90F5-D832-4E69-8978-19A1D049BBFF}.Release|Any CPU.Build.0 = Release|Any CPU
	EndGlobalSection
	GlobalSection(SolutionProperties) = preSolution
		HideSolutionNode = FALSE
	EndGlobalSection
	GlobalSection(ExtensibilityGlobals) = postSolution
		SolutionGuid = {8866B3E2-FF9B-4C28-9EBF-B42E02273761}
	EndGlobalSection
EndGlobal
